
Microsoft Visual Studio Solution File, Format Version 12.00
# Visual Studio 15
VisualStudioVersion = 15.0.28010.2050
MinimumVisualStudioVersion = 10.0.40219.1
Project("{FAE04EC0-301F-11D3-BF4B-00C04F79EFBC}") = "SqlIslemleriKutuphanesi", "SqlIslemleriKutuphanesi\SqlIslemleriKutuphanesi.csproj", "{00FCAE22-9B02-4F62-B76E-3E4B526070A8}"
EndProject
Global
	GlobalSection(SolutionConfigurationPlatforms) = preSolution
		Debug|Any CPU = Debug|Any CPU
		Release|Any CPU = Release|Any CPU
	EndGlobalSection
	GlobalSection(ProjectConfigurationPlatforms) = postSolution
		{00FCAE22-9B02-4F62-B76E-3E4B526070A8}.Debug|Any CPU.ActiveCfg = Debug|Any CPU
		{00FCAE22-9B02-4F62-B76E-3E4B526070A8}.Debug|Any CPU.Build.0 = Debug|Any CPU
		{00FCAE22-9B02-4F62-B76E-3E4B526070A8}.Release|Any CPU.ActiveCfg = Release|Any CPU
		{00FCAE22-9B02-4F62-B76E-3E4B526070A8}.Release|Any CPU.Build.0 = Release|Any CPU
	EndGlobalSection
	GlobalSection(SolutionProperties) = preSolution
		HideSolutionNode = FALSE
	EndGlobalSection
	GlobalSection(ExtensibilityGlobals) = postSolution
		SolutionGuid = {CF721006-E029-4F5C-9A53-7B1A7E4AC16C}
	EndGlobalSection
EndGlobal
